
Microsoft Visual Studio Solution File, Format Version 12.00
# Visual Studio 15
VisualStudioVersion = 15.0.28307.1062
MinimumVisualStudioVersion = 10.0.40219.1
Project("{FAE04EC0-301F-11D3-BF4B-00C04F79EFBC}") = "MedicineManagement", "MedicineManagement\MedicineManagement.csproj", "{6FBA3EA2-5903-446C-B894-15A4FBF4C7B3}"
EndProject
Global
	GlobalSection(SolutionConfigurationPlatforms) = preSolution
		Debug|Any CPU = Debug|Any CPU
		Release|Any CPU = Release|Any CPU
	EndGlobalSection
	GlobalSection(ProjectConfigurationPlatforms) = postSolution
		{6FBA3EA2-5903-446C-B894-15A4FBF4C7B3}.Debug|Any CPU.ActiveCfg = Debug|Any CPU
		{6FBA3EA2-5903-446C-B894-15A4FBF4C7B3}.Debug|Any CPU.Build.0 = Debug|Any CPU
		{6FBA3EA2-5903-446C-B894-15A4FBF4C7B3}.Release|Any CPU.ActiveCfg = Release|Any CPU
		{6FBA3EA2-5903-446C-B894-15A4FBF4C7B3}.Release|Any CPU.Build.0 = Release|Any CPU
	EndGlobalSection
	GlobalSection(SolutionProperties) = preSolution
		HideSolutionNode = FALSE
	EndGlobalSection
	GlobalSection(ExtensibilityGlobals) = postSolution
		SolutionGuid = {FF5CD551-CB9C-400C-8B32-59A01A5E1E85}
	EndGlobalSection
EndGlobal
